
Microsoft Visual Studio Solution File, Format Version 12.00
# Visual Studio Version 17
VisualStudioVersion = 17.1.32228.430
MinimumVisualStudioVersion = 10.0.40219.1
Project("{FAE04EC0-301F-11D3-BF4B-00C04F79EFBC}") = "Лекция 4 - 19-20 Март", "Лекция 4 - 19-20 Март.csproj", "{CBFDC985-703D-4A1A-9D28-FF19AB8C706C}"
EndProject
Global
	GlobalSection(SolutionConfigurationPlatforms) = preSolution
		Debug|Any CPU = Debug|Any CPU
		Release|Any CPU = Release|Any CPU
	EndGlobalSection
	GlobalSection(ProjectConfigurationPlatforms) = postSolution
		{CBFDC985-703D-4A1A-9D28-FF19AB8C706C}.Debug|Any CPU.ActiveCfg = Debug|Any CPU
		{CBFDC985-703D-4A1A-9D28-FF19AB8C706C}.Debug|Any CPU.Build.0 = Debug|Any CPU
		{CBFDC985-703D-4A1A-9D28-FF19AB8C706C}.Release|Any CPU.ActiveCfg = Release|Any CPU
		{CBFDC985-703D-4A1A-9D28-FF19AB8C706C}.Release|Any CPU.Build.0 = Release|Any CPU
	EndGlobalSection
	GlobalSection(SolutionProperties) = preSolution
		HideSolutionNode = FALSE
	EndGlobalSection
	GlobalSection(ExtensibilityGlobals) = postSolution
		SolutionGuid = {CCD11F9E-4C3C-4FA0-8076-D073C1A1AE86}
	EndGlobalSection
EndGlobal
