
Microsoft Visual Studio Solution File, Format Version 12.00
# Visual Studio Version 17
VisualStudioVersion = 17.1.32228.430
MinimumVisualStudioVersion = 10.0.40219.1
Project("{9A19103F-16F7-4668-BE54-9A1E7A4F7556}") = "Oscars Ceremony", "Oscars Ceremony.csproj", "{13E56784-EA0C-4AF7-A8F7-89D661689E17}"
EndProject
Project("{9A19103F-16F7-4668-BE54-9A1E7A4F7556}") = "Godzilla vs. kong", "..\Godzilla vs. kong\Godzilla vs. kong.csproj", "{BCCC19B6-7E0E-4763-AD50-754D362E111A}"
EndProject
Project("{9A19103F-16F7-4668-BE54-9A1E7A4F7556}") = "Oscars week in cinema", "..\Oscars week in cinema\Oscars week in cinema.csproj", "{1B9D3F3D-F3AF-45BA-BA55-495E7F901FF3}"
EndProject
Project("{9A19103F-16F7-4668-BE54-9A1E7A4F7556}") = "Cinema Voucher", "..\Cinema Voucher\Cinema Voucher.csproj", "{408AF1C0-6FE6-4F1F-85E2-A31AAC41F975}"
EndProject
Project("{2150E333-8FDC-42A3-9474-1A3956D46DE8}") = "Подготовка 01", "Подготовка 01", "{BB880BBE-C55B-4D88-8896-677D7FD09B50}"
EndProject
Project("{9A19103F-16F7-4668-BE54-9A1E7A4F7556}") = "Movie Ratings", "..\Movie Ratings\Movie Ratings.csproj", "{9BC04D41-484A-4283-9583-81EBC125A85B}"
EndProject
Project("{2150E333-8FDC-42A3-9474-1A3956D46DE8}") = "Подготовка 02", "Подготовка 02", "{8871F278-47A1-4398-86FF-FA5EBEEB1416}"
EndProject
Project("{9A19103F-16F7-4668-BE54-9A1E7A4F7556}") = "Film Premiere", "..\Film Premiere\Film Premiere.csproj", "{7DDE2236-6665-4C62-9F07-CD6E9CC8776D}"
EndProject
Project("{9A19103F-16F7-4668-BE54-9A1E7A4F7556}") = "Movie Destination", "..\Movie Destination\Movie Destination.csproj", "{7E786566-2BF8-4FAC-8109-B439294D3E14}"
EndProject
Project("{9A19103F-16F7-4668-BE54-9A1E7A4F7556}") = "Cinema", "..\Cinema\Cinema.csproj", "{F3170794-3597-48B5-ADB9-D5819F55D8EE}"
EndProject
Project("{9A19103F-16F7-4668-BE54-9A1E7A4F7556}") = "Movie Stars", "..\Movie Stars\Movie Stars.csproj", "{D8CA6885-4DC4-4A4B-842E-C81D4D6C23C4}"
EndProject
Project("{9A19103F-16F7-4668-BE54-9A1E7A4F7556}") = "Series", "..\Series\Series.csproj", "{93AB8C07-89BF-426B-9A3A-C3C2534D9992}"
EndProject
Project("{9A19103F-16F7-4668-BE54-9A1E7A4F7556}") = "Oscars", "..\Oscars\Oscars.csproj", "{1D85EF15-C8C1-423B-8DC3-67FD2703BD35}"
EndProject
Project("{9A19103F-16F7-4668-BE54-9A1E7A4F7556}") = "Favorite Movie", "..\Favorite Movie\Favorite Movie.csproj", "{C40DE6C4-1C6E-49A3-B8E6-D57DD5898817}"
EndProject
Project("{9A19103F-16F7-4668-BE54-9A1E7A4F7556}") = "Movie Tickets", "..\Movie Tickets\Movie Tickets.csproj", "{5490B789-8EEA-4F4D-83EB-9098999D5C3E}"
EndProject
Project("{2150E333-8FDC-42A3-9474-1A3956D46DE8}") = "Подготовка 03", "Подготовка 03", "{FA729CE2-B257-4FCE-8BB8-35B8D5B628C2}"
EndProject
Project("{9A19103F-16F7-4668-BE54-9A1E7A4F7556}") = "Fruit Market", "..\Fruit Market\Fruit Market.csproj", "{E4258AD1-6130-4DA1-8D6B-D2F76AE537A0}"
EndProject
Project("{9A19103F-16F7-4668-BE54-9A1E7A4F7556}") = "Safari", "..\Safari\Safari.csproj", "{9C775415-55C0-4AC3-9951-6FCC73AD4389}"
EndProject
Project("{9A19103F-16F7-4668-BE54-9A1E7A4F7556}") = "Mobile operator", "..\Mobile operator\Mobile operator.csproj", "{5A8BC5AC-F94C-40B1-A2A4-B69A7DD1A82F}"
EndProject
Project("{9A19103F-16F7-4668-BE54-9A1E7A4F7556}") = "Tourist Shop", "..\Tourist Shop\Tourist Shop.csproj", "{F08D43EC-AA2E-4A21-9D77-CD56420E8DA2}"
EndProject
Project("{9A19103F-16F7-4668-BE54-9A1E7A4F7556}") = "Division Without Remainder", "..\Division Without Remainder\Division Without Remainder.csproj", "{AB8F040A-C671-4FBA-9CF8-DC283503C8C2}"
EndProject
Project("{9A19103F-16F7-4668-BE54-9A1E7A4F7556}") = "Vet Parking", "..\Vet Parking\Vet Parking.csproj", "{2C58A173-6D00-44F8-8780-F51C28C984F9}"
EndProject
Project("{2150E333-8FDC-42A3-9474-1A3956D46DE8}") = "Подготовка 04", "Подготовка 04", "{957B59A7-7214-48A1-927A-F2AF013266EF}"
EndProject
Project("{9A19103F-16F7-4668-BE54-9A1E7A4F7556}") = "Pool Day", "..\Pool Day\Pool Day.csproj", "{73DDA0BE-074B-481C-9708-E5864244C21C}"
EndProject
Project("{9A19103F-16F7-4668-BE54-9A1E7A4F7556}") = "Family Trip", "..\Family Trip\Family Trip.csproj", "{82F07569-2440-41A2-B7F7-9E667C997275}"
EndProject
Project("{9A19103F-16F7-4668-BE54-9A1E7A4F7556}") = "Coffee Machine", "..\Coffee Machine\Coffee Machine.csproj", "{E737D115-AABD-4A50-B188-C09E557EA9F6}"
EndProject
Project("{9A19103F-16F7-4668-BE54-9A1E7A4F7556}") = "Travel Agency", "..\Travel Agency\Travel Agency.csproj", "{65480909-8698-4C36-A1DF-94142CE95CE5}"
EndProject
Project("{9A19103F-16F7-4668-BE54-9A1E7A4F7556}") = "Club", "..\Club\Club.csproj", "{4C88723F-6493-471C-B3FE-4431A9733F59}"
EndProject
Project("{9A19103F-16F7-4668-BE54-9A1E7A4F7556}") = "Renovation", "..\Renovation\Renovation.csproj", "{3158CAC8-A15E-4496-AA9C-C19393B70E8E}"
EndProject
Project("{9A19103F-16F7-4668-BE54-9A1E7A4F7556}") = "PC Game Shop", "..\PC Game Shop\PC Game Shop.csproj", "{B5302FA4-B9A2-4CE5-A7B7-DA82E3C4FB33}"
EndProject
Project("{9A19103F-16F7-4668-BE54-9A1E7A4F7556}") = "Football Tournament", "..\Football Tournament\Football Tournament.csproj", "{99F43C33-93FF-4D55-ABCA-31F8AB7FB76E}"
EndProject
Project("{9A19103F-16F7-4668-BE54-9A1E7A4F7556}") = "Name Game", "..\Name Game\Name Game.csproj", "{EB925043-678D-42DE-9763-241E3E9D0A62}"
EndProject
Project("{9A19103F-16F7-4668-BE54-9A1E7A4F7556}") = "The Most Powerful Word", "..\The Most Powerful Word\The Most Powerful Word.csproj", "{F041D5B8-15C3-4E84-9B47-3EFE6E8E1798}"
EndProject
Project("{2150E333-8FDC-42A3-9474-1A3956D46DE8}") = "Подготовка 05", "Подготовка 05", "{32352A3B-E275-414C-A740-1EFB7651E580}"
EndProject
Project("{9A19103F-16F7-4668-BE54-9A1E7A4F7556}") = "Agency Profit", "..\Agency Profit\Agency Profit.csproj", "{2A5EE28A-13B1-4FB6-B650-D11004034CD3}"
EndProject
Project("{9A19103F-16F7-4668-BE54-9A1E7A4F7556}") = "Add Bags", "..\Add Bags\Add Bags.csproj", "{BE9190EA-A898-4456-9CF6-E25064C42775}"
EndProject
Project("{9A19103F-16F7-4668-BE54-9A1E7A4F7556}") = "Aluminum Joinery", "..\Aluminum Joinery\Aluminum Joinery.csproj", "{D3120065-E717-4318-AD5F-9C285DA64E2B}"
EndProject
Project("{9A19103F-16F7-4668-BE54-9A1E7A4F7556}") = "Balls", "..\Balls\Balls.csproj", "{10E76E59-AE29-4BBF-A36C-CE85CBAF4219}"
EndProject
Project("{9A19103F-16F7-4668-BE54-9A1E7A4F7556}") = "Best Player", "..\Best Player\Best Player.csproj", "{7AB4C47C-72A0-4F5E-B85F-633BD7C0965D}"
EndProject
Project("{9A19103F-16F7-4668-BE54-9A1E7A4F7556}") = "Barcode Generator", "..\Barcode Generator\Barcode Generator.csproj", "{2B7A071B-1420-4B03-B4A1-E235387F9EC8}"
EndProject
Project("{2150E333-8FDC-42A3-9474-1A3956D46DE8}") = "Подготовка 06", "Подготовка 06", "{787606D0-34B3-4406-86DB-7568A87A3FD7}"
EndProject
Project("{9A19103F-16F7-4668-BE54-9A1E7A4F7556}") = "Tournament of Christmas", "..\Tournament of Christmas\Tournament of Christmas.csproj", "{82616EF4-D1CB-461C-94CD-8DA3B724661A}"
EndProject
Project("{2150E333-8FDC-42A3-9474-1A3956D46DE8}") = "Лекция-Подготовка", "Лекция-Подготовка", "{7B9D1224-BD22-4FC7-9596-BD4240CF1F55}"
EndProject
Project("{FAE04EC0-301F-11D3-BF4B-00C04F79EFBC}") = "Easter Launch", "..\Easter Launch\Easter Launch.csproj", "{A4655366-582F-44C0-98DE-21AACEA47F38}"
EndProject
Project("{FAE04EC0-301F-11D3-BF4B-00C04F79EFBC}") = "GameResult", "..\GameResult\GameResult.csproj", "{48F46716-5128-41E5-93D1-D00D1F734194}"
EndProject
Project("{2150E333-8FDC-42A3-9474-1A3956D46DE8}") = "Изпит", "Изпит", "{AC76AAFF-A938-4484-A5B4-4C2AA873D55A}"
EndProject
Project("{FAE04EC0-301F-11D3-BF4B-00C04F79EFBC}") = "Задача 1", "..\Задача 1\Задача 1.csproj", "{E1BBD527-D682-4108-ABFC-DE136288D207}"
EndProject
Project("{FAE04EC0-301F-11D3-BF4B-00C04F79EFBC}") = "Задача 2", "..\Задача 2\Задача 2.csproj", "{7CF27AB5-196B-434E-9CF8-361FB2BCBB8D}"
EndProject
Project("{FAE04EC0-301F-11D3-BF4B-00C04F79EFBC}") = "Задача 3", "..\Задача 3\Задача 3.csproj", "{6E55E337-E420-4F9B-AD9F-7AF29515C642}"
EndProject
Project("{FAE04EC0-301F-11D3-BF4B-00C04F79EFBC}") = "Задача 4", "..\Задача 4\Задача 4.csproj", "{1FEA79EE-0EE2-480F-9FD0-1E08934127D9}"
EndProject
Project("{FAE04EC0-301F-11D3-BF4B-00C04F79EFBC}") = "Задача 5", "..\Задача 5\Задача 5.csproj", "{DA1A769D-64B8-46A7-82A5-4825629744CD}"
EndProject
Project("{FAE04EC0-301F-11D3-BF4B-00C04F79EFBC}") = "Задача 6", "..\Задача 6\Задача 6.csproj", "{491572D5-32BB-48B6-9D34-3040FC4F4199}"
EndProject
Global
	GlobalSection(SolutionConfigurationPlatforms) = preSolution
		Debug|Any CPU = Debug|Any CPU
		Release|Any CPU = Release|Any CPU
	EndGlobalSection
	GlobalSection(ProjectConfigurationPlatforms) = postSolution
		{13E56784-EA0C-4AF7-A8F7-89D661689E17}.Debug|Any CPU.ActiveCfg = Debug|Any CPU
		{13E56784-EA0C-4AF7-A8F7-89D661689E17}.Debug|Any CPU.Build.0 = Debug|Any CPU
		{13E56784-EA0C-4AF7-A8F7-89D661689E17}.Release|Any CPU.ActiveCfg = Release|Any CPU
		{13E56784-EA0C-4AF7-A8F7-89D661689E17}.Release|Any CPU.Build.0 = Release|Any CPU
		{BCCC19B6-7E0E-4763-AD50-754D362E111A}.Debug|Any CPU.ActiveCfg = Debug|Any CPU
		{BCCC19B6-7E0E-4763-AD50-754D362E111A}.Debug|Any CPU.Build.0 = Debug|Any CPU
		{BCCC19B6-7E0E-4763-AD50-754D362E111A}.Release|Any CPU.ActiveCfg = Release|Any CPU
		{BCCC19B6-7E0E-4763-AD50-754D362E111A}.Release|Any CPU.Build.0 = Release|Any CPU
		{1B9D3F3D-F3AF-45BA-BA55-495E7F901FF3}.Debug|Any CPU.ActiveCfg = Debug|Any CPU
		{1B9D3F3D-F3AF-45BA-BA55-495E7F901FF3}.Debug|Any CPU.Build.0 = Debug|Any CPU
		{1B9D3F3D-F3AF-45BA-BA55-495E7F901FF3}.Release|Any CPU.ActiveCfg = Release|Any CPU
		{1B9D3F3D-F3AF-45BA-BA55-495E7F901FF3}.Release|Any CPU.Build.0 = Release|Any CPU
		{408AF1C0-6FE6-4F1F-85E2-A31AAC41F975}.Debug|Any CPU.ActiveCfg = Debug|Any CPU
		{408AF1C0-6FE6-4F1F-85E2-A31AAC41F975}.Debug|Any CPU.Build.0 = Debug|Any CPU
		{408AF1C0-6FE6-4F1F-85E2-A31AAC41F975}.Release|Any CPU.ActiveCfg = Release|Any CPU
		{408AF1C0-6FE6-4F1F-85E2-A31AAC41F975}.Release|Any CPU.Build.0 = Release|Any CPU
		{9BC04D41-484A-4283-9583-81EBC125A85B}.Debug|Any CPU.ActiveCfg = Debug|Any CPU
		{9BC04D41-484A-4283-9583-81EBC125A85B}.Debug|Any CPU.Build.0 = Debug|Any CPU
		{9BC04D41-484A-4283-9583-81EBC125A85B}.Release|Any CPU.ActiveCfg = Release|Any CPU
		{9BC04D41-484A-4283-9583-81EBC125A85B}.Release|Any CPU.Build.0 = Release|Any CPU
		{7DDE2236-6665-4C62-9F07-CD6E9CC8776D}.Debug|Any CPU.ActiveCfg = Debug|Any CPU
		{7DDE2236-6665-4C62-9F07-CD6E9CC8776D}.Debug|Any CPU.Build.0 = Debug|Any CPU
		{7DDE2236-6665-4C62-9F07-CD6E9CC8776D}.Release|Any CPU.ActiveCfg = Release|Any CPU
		{7DDE2236-6665-4C62-9F07-CD6E9CC8776D}.Release|Any CPU.Build.0 = Release|Any CPU
		{7E786566-2BF8-4FAC-8109-B439294D3E14}.Debug|Any CPU.ActiveCfg = Debug|Any CPU
		{7E786566-2BF8-4FAC-8109-B439294D3E14}.Debug|Any CPU.Build.0 = Debug|Any CPU
		{7E786566-2BF8-4FAC-8109-B439294D3E14}.Release|Any CPU.ActiveCfg = Release|Any CPU
		{7E786566-2BF8-4FAC-8109-B439294D3E14}.Release|Any CPU.Build.0 = Release|Any CPU
		{F3170794-3597-48B5-ADB9-D5819F55D8EE}.Debug|Any CPU.ActiveCfg = Debug|Any CPU
		{F3170794-3597-48B5-ADB9-D5819F55D8EE}.Debug|Any CPU.Build.0 = Debug|Any CPU
		{F3170794-3597-48B5-ADB9-D5819F55D8EE}.Release|Any CPU.ActiveCfg = Release|Any CPU
		{F3170794-3597-48B5-ADB9-D5819F55D8EE}.Release|Any CPU.Build.0 = Release|Any CPU
		{D8CA6885-4DC4-4A4B-842E-C81D4D6C23C4}.Debug|Any CPU.ActiveCfg = Debug|Any CPU
		{D8CA6885-4DC4-4A4B-842E-C81D4D6C23C4}.Debug|Any CPU.Build.0 = Debug|Any CPU
		{D8CA6885-4DC4-4A4B-842E-C81D4D6C23C4}.Release|Any CPU.ActiveCfg = Release|Any CPU
		{D8CA6885-4DC4-4A4B-842E-C81D4D6C23C4}.Release|Any CPU.Build.0 = Release|Any CPU
		{93AB8C07-89BF-426B-9A3A-C3C2534D9992}.Debug|Any CPU.ActiveCfg = Debug|Any CPU
		{93AB8C07-89BF-426B-9A3A-C3C2534D9992}.Debug|Any CPU.Build.0 = Debug|Any CPU
		{93AB8C07-89BF-426B-9A3A-C3C2534D9992}.Release|Any CPU.ActiveCfg = Release|Any CPU
		{93AB8C07-89BF-426B-9A3A-C3C2534D9992}.Release|Any CPU.Build.0 = Release|Any CPU
		{1D85EF15-C8C1-423B-8DC3-67FD2703BD35}.Debug|Any CPU.ActiveCfg = Debug|Any CPU
		{1D85EF15-C8C1-423B-8DC3-67FD2703BD35}.Debug|Any CPU.Build.0 = Debug|Any CPU
		{1D85EF15-C8C1-423B-8DC3-67FD2703BD35}.Release|Any CPU.ActiveCfg = Release|Any CPU
		{1D85EF15-C8C1-423B-8DC3-67FD2703BD35}.Release|Any CPU.Build.0 = Release|Any CPU
		{C40DE6C4-1C6E-49A3-B8E6-D57DD5898817}.Debug|Any CPU.ActiveCfg = Debug|Any CPU
		{C40DE6C4-1C6E-49A3-B8E6-D57DD5898817}.Debug|Any CPU.Build.0 = Debug|Any CPU
		{C40DE6C4-1C6E-49A3-B8E6-D57DD5898817}.Release|Any CPU.ActiveCfg = Release|Any CPU
		{C40DE6C4-1C6E-49A3-B8E6-D57DD5898817}.Release|Any CPU.Build.0 = Release|Any CPU
		{5490B789-8EEA-4F4D-83EB-9098999D5C3E}.Debug|Any CPU.ActiveCfg = Debug|Any CPU
		{5490B789-8EEA-4F4D-83EB-9098999D5C3E}.Debug|Any CPU.Build.0 = Debug|Any CPU
		{5490B789-8EEA-4F4D-83EB-9098999D5C3E}.Release|Any CPU.ActiveCfg = Release|Any CPU
		{5490B789-8EEA-4F4D-83EB-9098999D5C3E}.Release|Any CPU.Build.0 = Release|Any CPU
		{E4258AD1-6130-4DA1-8D6B-D2F76AE537A0}.Debug|Any CPU.ActiveCfg = Debug|Any CPU
		{E4258AD1-6130-4DA1-8D6B-D2F76AE537A0}.Debug|Any CPU.Build.0 = Debug|Any CPU
		{E4258AD1-6130-4DA1-8D6B-D2F76AE537A0}.Release|Any CPU.ActiveCfg = Release|Any CPU
		{E4258AD1-6130-4DA1-8D6B-D2F76AE537A0}.Release|Any CPU.Build.0 = Release|Any CPU
		{9C775415-55C0-4AC3-9951-6FCC73AD4389}.Debug|Any CPU.ActiveCfg = Debug|Any CPU
		{9C775415-55C0-4AC3-9951-6FCC73AD4389}.Debug|Any CPU.Build.0 = Debug|Any CPU
		{9C775415-55C0-4AC3-9951-6FCC73AD4389}.Release|Any CPU.ActiveCfg = Release|Any CPU
		{9C775415-55C0-4AC3-9951-6FCC73AD4389}.Release|Any CPU.Build.0 = Release|Any CPU
		{5A8BC5AC-F94C-40B1-A2A4-B69A7DD1A82F}.Debug|Any CPU.ActiveCfg = Debug|Any CPU
		{5A8BC5AC-F94C-40B1-A2A4-B69A7DD1A82F}.Debug|Any CPU.Build.0 = Debug|Any CPU
		{5A8BC5AC-F94C-40B1-A2A4-B69A7DD1A82F}.Release|Any CPU.ActiveCfg = Release|Any CPU
		{5A8BC5AC-F94C-40B1-A2A4-B69A7DD1A82F}.Release|Any CPU.Build.0 = Release|Any CPU
		{F08D43EC-AA2E-4A21-9D77-CD56420E8DA2}.Debug|Any CPU.ActiveCfg = Debug|Any CPU
		{F08D43EC-AA2E-4A21-9D77-CD56420E8DA2}.Debug|Any CPU.Build.0 = Debug|Any CPU
		{F08D43EC-AA2E-4A21-9D77-CD56420E8DA2}.Release|Any CPU.ActiveCfg = Release|Any CPU
		{F08D43EC-AA2E-4A21-9D77-CD56420E8DA2}.Release|Any CPU.Build.0 = Release|Any CPU
		{AB8F040A-C671-4FBA-9CF8-DC283503C8C2}.Debug|Any CPU.ActiveCfg = Debug|Any CPU
		{AB8F040A-C671-4FBA-9CF8-DC283503C8C2}.Debug|Any CPU.Build.0 = Debug|Any CPU
		{AB8F040A-C671-4FBA-9CF8-DC283503C8C2}.Release|Any CPU.ActiveCfg = Release|Any CPU
		{AB8F040A-C671-4FBA-9CF8-DC283503C8C2}.Release|Any CPU.Build.0 = Release|Any CPU
		{2C58A173-6D00-44F8-8780-F51C28C984F9}.Debug|Any CPU.ActiveCfg = Debug|Any CPU
		{2C58A173-6D00-44F8-8780-F51C28C984F9}.Debug|Any CPU.Build.0 = Debug|Any CPU
		{2C58A173-6D00-44F8-8780-F51C28C984F9}.Release|Any CPU.ActiveCfg = Release|Any CPU
		{2C58A173-6D00-44F8-8780-F51C28C984F9}.Release|Any CPU.Build.0 = Release|Any CPU
		{73DDA0BE-074B-481C-9708-E5864244C21C}.Debug|Any CPU.ActiveCfg = Debug|Any CPU
		{73DDA0BE-074B-481C-9708-E5864244C21C}.Debug|Any CPU.Build.0 = Debug|Any CPU
		{73DDA0BE-074B-481C-9708-E5864244C21C}.Release|Any CPU.ActiveCfg = Release|Any CPU
		{73DDA0BE-074B-481C-9708-E5864244C21C}.Release|Any CPU.Build.0 = Release|Any CPU
		{82F07569-2440-41A2-B7F7-9E667C997275}.Debug|Any CPU.ActiveCfg = Debug|Any CPU
		{82F07569-2440-41A2-B7F7-9E667C997275}.Debug|Any CPU.Build.0 = Debug|Any CPU
		{82F07569-2440-41A2-B7F7-9E667C997275}.Release|Any CPU.ActiveCfg = Release|Any CPU
		{82F07569-2440-41A2-B7F7-9E667C997275}.Release|Any CPU.Build.0 = Release|Any CPU
		{E737D115-AABD-4A50-B188-C09E557EA9F6}.Debug|Any CPU.ActiveCfg = Debug|Any CPU
		{E737D115-AABD-4A50-B188-C09E557EA9F6}.Debug|Any CPU.Build.0 = Debug|Any CPU
		{E737D115-AABD-4A50-B188-C09E557EA9F6}.Release|Any CPU.ActiveCfg = Release|Any CPU
		{E737D115-AABD-4A50-B188-C09E557EA9F6}.Release|Any CPU.Build.0 = Release|Any CPU
		{65480909-8698-4C36-A1DF-94142CE95CE5}.Debug|Any CPU.ActiveCfg = Debug|Any CPU
		{65480909-8698-4C36-A1DF-94142CE95CE5}.Debug|Any CPU.Build.0 = Debug|Any CPU
		{65480909-8698-4C36-A1DF-94142CE95CE5}.Release|Any CPU.ActiveCfg = Release|Any CPU
		{65480909-8698-4C36-A1DF-94142CE95CE5}.Release|Any CPU.Build.0 = Release|Any CPU
		{4C88723F-6493-471C-B3FE-4431A9733F59}.Debug|Any CPU.ActiveCfg = Debug|Any CPU
		{4C88723F-6493-471C-B3FE-4431A9733F59}.Debug|Any CPU.Build.0 = Debug|Any CPU
		{4C88723F-6493-471C-B3FE-4431A9733F59}.Release|Any CPU.ActiveCfg = Release|Any CPU
		{4C88723F-6493-471C-B3FE-4431A9733F59}.Release|Any CPU.Build.0 = Release|Any CPU
		{3158CAC8-A15E-4496-AA9C-C19393B70E8E}.Debug|Any CPU.ActiveCfg = Debug|Any CPU
		{3158CAC8-A15E-4496-AA9C-C19393B70E8E}.Debug|Any CPU.Build.0 = Debug|Any CPU
		{3158CAC8-A15E-4496-AA9C-C19393B70E8E}.Release|Any CPU.ActiveCfg = Release|Any CPU
		{3158CAC8-A15E-4496-AA9C-C19393B70E8E}.Release|Any CPU.Build.0 = Release|Any CPU
		{B5302FA4-B9A2-4CE5-A7B7-DA82E3C4FB33}.Debug|Any CPU.ActiveCfg = Debug|Any CPU
		{B5302FA4-B9A2-4CE5-A7B7-DA82E3C4FB33}.Debug|Any CPU.Build.0 = Debug|Any CPU
		{B5302FA4-B9A2-4CE5-A7B7-DA82E3C4FB33}.Release|Any CPU.ActiveCfg = Release|Any CPU
		{B5302FA4-B9A2-4CE5-A7B7-DA82E3C4FB33}.Release|Any CPU.Build.0 = Release|Any CPU
		{99F43C33-93FF-4D55-ABCA-31F8AB7FB76E}.Debug|Any CPU.ActiveCfg = Debug|Any CPU
		{99F43C33-93FF-4D55-ABCA-31F8AB7FB76E}.Debug|Any CPU.Build.0 = Debug|Any CPU
		{99F43C33-93FF-4D55-ABCA-31F8AB7FB76E}.Release|Any CPU.ActiveCfg = Release|Any CPU
		{99F43C33-93FF-4D55-ABCA-31F8AB7FB76E}.Release|Any CPU.Build.0 = Release|Any CPU
		{EB925043-678D-42DE-9763-241E3E9D0A62}.Debug|Any CPU.ActiveCfg = Debug|Any CPU
		{EB925043-678D-42DE-9763-241E3E9D0A62}.Debug|Any CPU.Build.0 = Debug|Any CPU
		{EB925043-678D-42DE-9763-241E3E9D0A62}.Release|Any CPU.ActiveCfg = Release|Any CPU
		{EB925043-678D-42DE-9763-241E3E9D0A62}.Release|Any CPU.Build.0 = Release|Any CPU
		{F041D5B8-15C3-4E84-9B47-3EFE6E8E1798}.Debug|Any CPU.ActiveCfg = Debug|Any CPU
		{F041D5B8-15C3-4E84-9B47-3EFE6E8E1798}.Debug|Any CPU.Build.0 = Debug|Any CPU
		{F041D5B8-15C3-4E84-9B47-3EFE6E8E1798}.Release|Any CPU.ActiveCfg = Release|Any CPU
		{F041D5B8-15C3-4E84-9B47-3EFE6E8E1798}.Release|Any CPU.Build.0 = Release|Any CPU
		{2A5EE28A-13B1-4FB6-B650-D11004034CD3}.Debug|Any CPU.ActiveCfg = Debug|Any CPU
		{2A5EE28A-13B1-4FB6-B650-D11004034CD3}.Debug|Any CPU.Build.0 = Debug|Any CPU
		{2A5EE28A-13B1-4FB6-B650-D11004034CD3}.Release|Any CPU.ActiveCfg = Release|Any CPU
		{2A5EE28A-13B1-4FB6-B650-D11004034CD3}.Release|Any CPU.Build.0 = Release|Any CPU
		{BE9190EA-A898-4456-9CF6-E25064C42775}.Debug|Any CPU.ActiveCfg = Debug|Any CPU
		{BE9190EA-A898-4456-9CF6-E25064C42775}.Debug|Any CPU.Build.0 = Debug|Any CPU
		{BE9190EA-A898-4456-9CF6-E25064C42775}.Release|Any CPU.ActiveCfg = Release|Any CPU
		{BE9190EA-A898-4456-9CF6-E25064C42775}.Release|Any CPU.Build.0 = Release|Any CPU
		{D3120065-E717-4318-AD5F-9C285DA64E2B}.Debug|Any CPU.ActiveCfg = Debug|Any CPU
		{D3120065-E717-4318-AD5F-9C285DA64E2B}.Debug|Any CPU.Build.0 = Debug|Any CPU
		{D3120065-E717-4318-AD5F-9C285DA64E2B}.Release|Any CPU.ActiveCfg = Release|Any CPU
		{D3120065-E717-4318-AD5F-9C285DA64E2B}.Release|Any CPU.Build.0 = Release|Any CPU
		{10E76E59-AE29-4BBF-A36C-CE85CBAF4219}.Debug|Any CPU.ActiveCfg = Debug|Any CPU
		{10E76E59-AE29-4BBF-A36C-CE85CBAF4219}.Debug|Any CPU.Build.0 = Debug|Any CPU
		{10E76E59-AE29-4BBF-A36C-CE85CBAF4219}.Release|Any CPU.ActiveCfg = Release|Any CPU
		{10E76E59-AE29-4BBF-A36C-CE85CBAF4219}.Release|Any CPU.Build.0 = Release|Any CPU
		{7AB4C47C-72A0-4F5E-B85F-633BD7C0965D}.Debug|Any CPU.ActiveCfg = Debug|Any CPU
		{7AB4C47C-72A0-4F5E-B85F-633BD7C0965D}.Debug|Any CPU.Build.0 = Debug|Any CPU
		{7AB4C47C-72A0-4F5E-B85F-633BD7C0965D}.Release|Any CPU.ActiveCfg = Release|Any CPU
		{7AB4C47C-72A0-4F5E-B85F-633BD7C0965D}.Release|Any CPU.Build.0 = Release|Any CPU
		{2B7A071B-1420-4B03-B4A1-E235387F9EC8}.Debug|Any CPU.ActiveCfg = Debug|Any CPU
		{2B7A071B-1420-4B03-B4A1-E235387F9EC8}.Debug|Any CPU.Build.0 = Debug|Any CPU
		{2B7A071B-1420-4B03-B4A1-E235387F9EC8}.Release|Any CPU.ActiveCfg = Release|Any CPU
		{2B7A071B-1420-4B03-B4A1-E235387F9EC8}.Release|Any CPU.Build.0 = Release|Any CPU
		{82616EF4-D1CB-461C-94CD-8DA3B724661A}.Debug|Any CPU.ActiveCfg = Debug|Any CPU
		{82616EF4-D1CB-461C-94CD-8DA3B724661A}.Debug|Any CPU.Build.0 = Debug|Any CPU
		{82616EF4-D1CB-461C-94CD-8DA3B724661A}.Release|Any CPU.ActiveCfg = Release|Any CPU
		{82616EF4-D1CB-461C-94CD-8DA3B724661A}.Release|Any CPU.Build.0 = Release|Any CPU
		{A4655366-582F-44C0-98DE-21AACEA47F38}.Debug|Any CPU.ActiveCfg = Debug|Any CPU
		{A4655366-582F-44C0-98DE-21AACEA47F38}.Debug|Any CPU.Build.0 = Debug|Any CPU
		{A4655366-582F-44C0-98DE-21AACEA47F38}.Release|Any CPU.ActiveCfg = Release|Any CPU
		{A4655366-582F-44C0-98DE-21AACEA47F38}.Release|Any CPU.Build.0 = Release|Any CPU
		{48F46716-5128-41E5-93D1-D00D1F734194}.Debug|Any CPU.ActiveCfg = Debug|Any CPU
		{48F46716-5128-41E5-93D1-D00D1F734194}.Debug|Any CPU.Build.0 = Debug|Any CPU
		{48F46716-5128-41E5-93D1-D00D1F734194}.Release|Any CPU.ActiveCfg = Release|Any CPU
		{48F46716-5128-41E5-93D1-D00D1F734194}.Release|Any CPU.Build.0 = Release|Any CPU
		{E1BBD527-D682-4108-ABFC-DE136288D207}.Debug|Any CPU.ActiveCfg = Debug|Any CPU
		{E1BBD527-D682-4108-ABFC-DE136288D207}.Debug|Any CPU.Build.0 = Debug|Any CPU
		{E1BBD527-D682-4108-ABFC-DE136288D207}.Release|Any CPU.ActiveCfg = Release|Any CPU
		{E1BBD527-D682-4108-ABFC-DE136288D207}.Release|Any CPU.Build.0 = Release|Any CPU
		{7CF27AB5-196B-434E-9CF8-361FB2BCBB8D}.Debug|Any CPU.ActiveCfg = Debug|Any CPU
		{7CF27AB5-196B-434E-9CF8-361FB2BCBB8D}.Debug|Any CPU.Build.0 = Debug|Any CPU
		{7CF27AB5-196B-434E-9CF8-361FB2BCBB8D}.Release|Any CPU.ActiveCfg = Release|Any CPU
		{7CF27AB5-196B-434E-9CF8-361FB2BCBB8D}.Release|Any CPU.Build.0 = Release|Any CPU
		{6E55E337-E420-4F9B-AD9F-7AF29515C642}.Debug|Any CPU.ActiveCfg = Debug|Any CPU
		{6E55E337-E420-4F9B-AD9F-7AF29515C642}.Debug|Any CPU.Build.0 = Debug|Any CPU
		{6E55E337-E420-4F9B-AD9F-7AF29515C642}.Release|Any CPU.ActiveCfg = Release|Any CPU
		{6E55E337-E420-4F9B-AD9F-7AF29515C642}.Release|Any CPU.Build.0 = Release|Any CPU
		{1FEA79EE-0EE2-480F-9FD0-1E08934127D9}.Debug|Any CPU.ActiveCfg = Debug|Any CPU
		{1FEA79EE-0EE2-480F-9FD0-1E08934127D9}.Debug|Any CPU.Build.0 = Debug|Any CPU
		{1FEA79EE-0EE2-480F-9FD0-1E08934127D9}.Release|Any CPU.ActiveCfg = Release|Any CPU
		{1FEA79EE-0EE2-480F-9FD0-1E08934127D9}.Release|Any CPU.Build.0 = Release|Any CPU
		{DA1A769D-64B8-46A7-82A5-4825629744CD}.Debug|Any CPU.ActiveCfg = Debug|Any CPU
		{DA1A769D-64B8-46A7-82A5-4825629744CD}.Debug|Any CPU.Build.0 = Debug|Any CPU
		{DA1A769D-64B8-46A7-82A5-4825629744CD}.Release|Any CPU.ActiveCfg = Release|Any CPU
		{DA1A769D-64B8-46A7-82A5-4825629744CD}.Release|Any CPU.Build.0 = Release|Any CPU
		{491572D5-32BB-48B6-9D34-3040FC4F4199}.Debug|Any CPU.ActiveCfg = Debug|Any CPU
		{491572D5-32BB-48B6-9D34-3040FC4F4199}.Debug|Any CPU.Build.0 = Debug|Any CPU
		{491572D5-32BB-48B6-9D34-3040FC4F4199}.Release|Any CPU.ActiveCfg = Release|Any CPU
		{491572D5-32BB-48B6-9D34-3040FC4F4199}.Release|Any CPU.Build.0 = Release|Any CPU
	EndGlobalSection
	GlobalSection(SolutionProperties) = preSolution
		HideSolutionNode = FALSE
	EndGlobalSection
	GlobalSection(NestedProjects) = preSolution
		{13E56784-EA0C-4AF7-A8F7-89D661689E17} = {BB880BBE-C55B-4D88-8896-677D7FD09B50}
		{BCCC19B6-7E0E-4763-AD50-754D362E111A} = {BB880BBE-C55B-4D88-8896-677D7FD09B50}
		{1B9D3F3D-F3AF-45BA-BA55-495E7F901FF3} = {BB880BBE-C55B-4D88-8896-677D7FD09B50}
		{408AF1C0-6FE6-4F1F-85E2-A31AAC41F975} = {BB880BBE-C55B-4D88-8896-677D7FD09B50}
		{9BC04D41-484A-4283-9583-81EBC125A85B} = {BB880BBE-C55B-4D88-8896-677D7FD09B50}
		{7DDE2236-6665-4C62-9F07-CD6E9CC8776D} = {8871F278-47A1-4398-86FF-FA5EBEEB1416}
		{7E786566-2BF8-4FAC-8109-B439294D3E14} = {8871F278-47A1-4398-86FF-FA5EBEEB1416}
		{F3170794-3597-48B5-ADB9-D5819F55D8EE} = {8871F278-47A1-4398-86FF-FA5EBEEB1416}
		{D8CA6885-4DC4-4A4B-842E-C81D4D6C23C4} = {8871F278-47A1-4398-86FF-FA5EBEEB1416}
		{93AB8C07-89BF-426B-9A3A-C3C2534D9992} = {8871F278-47A1-4398-86FF-FA5EBEEB1416}
		{1D85EF15-C8C1-423B-8DC3-67FD2703BD35} = {8871F278-47A1-4398-86FF-FA5EBEEB1416}
		{C40DE6C4-1C6E-49A3-B8E6-D57DD5898817} = {8871F278-47A1-4398-86FF-FA5EBEEB1416}
		{5490B789-8EEA-4F4D-83EB-9098999D5C3E} = {8871F278-47A1-4398-86FF-FA5EBEEB1416}
		{E4258AD1-6130-4DA1-8D6B-D2F76AE537A0} = {FA729CE2-B257-4FCE-8BB8-35B8D5B628C2}
		{9C775415-55C0-4AC3-9951-6FCC73AD4389} = {FA729CE2-B257-4FCE-8BB8-35B8D5B628C2}
		{5A8BC5AC-F94C-40B1-A2A4-B69A7DD1A82F} = {FA729CE2-B257-4FCE-8BB8-35B8D5B628C2}
		{F08D43EC-AA2E-4A21-9D77-CD56420E8DA2} = {FA729CE2-B257-4FCE-8BB8-35B8D5B628C2}
		{AB8F040A-C671-4FBA-9CF8-DC283503C8C2} = {FA729CE2-B257-4FCE-8BB8-35B8D5B628C2}
		{2C58A173-6D00-44F8-8780-F51C28C984F9} = {FA729CE2-B257-4FCE-8BB8-35B8D5B628C2}
		{73DDA0BE-074B-481C-9708-E5864244C21C} = {957B59A7-7214-48A1-927A-F2AF013266EF}
		{82F07569-2440-41A2-B7F7-9E667C997275} = {957B59A7-7214-48A1-927A-F2AF013266EF}
		{E737D115-AABD-4A50-B188-C09E557EA9F6} = {957B59A7-7214-48A1-927A-F2AF013266EF}
		{65480909-8698-4C36-A1DF-94142CE95CE5} = {957B59A7-7214-48A1-927A-F2AF013266EF}
		{4C88723F-6493-471C-B3FE-4431A9733F59} = {957B59A7-7214-48A1-927A-F2AF013266EF}
		{3158CAC8-A15E-4496-AA9C-C19393B70E8E} = {957B59A7-7214-48A1-927A-F2AF013266EF}
		{B5302FA4-B9A2-4CE5-A7B7-DA82E3C4FB33} = {957B59A7-7214-48A1-927A-F2AF013266EF}
		{99F43C33-93FF-4D55-ABCA-31F8AB7FB76E} = {957B59A7-7214-48A1-927A-F2AF013266EF}
		{EB925043-678D-42DE-9763-241E3E9D0A62} = {957B59A7-7214-48A1-927A-F2AF013266EF}
		{F041D5B8-15C3-4E84-9B47-3EFE6E8E1798} = {957B59A7-7214-48A1-927A-F2AF013266EF}
		{2A5EE28A-13B1-4FB6-B650-D11004034CD3} = {32352A3B-E275-414C-A740-1EFB7651E580}
		{BE9190EA-A898-4456-9CF6-E25064C42775} = {32352A3B-E275-414C-A740-1EFB7651E580}
		{D3120065-E717-4318-AD5F-9C285DA64E2B} = {32352A3B-E275-414C-A740-1EFB7651E580}
		{10E76E59-AE29-4BBF-A36C-CE85CBAF4219} = {32352A3B-E275-414C-A740-1EFB7651E580}
		{7AB4C47C-72A0-4F5E-B85F-633BD7C0965D} = {32352A3B-E275-414C-A740-1EFB7651E580}
		{2B7A071B-1420-4B03-B4A1-E235387F9EC8} = {32352A3B-E275-414C-A740-1EFB7651E580}
		{82616EF4-D1CB-461C-94CD-8DA3B724661A} = {787606D0-34B3-4406-86DB-7568A87A3FD7}
		{A4655366-582F-44C0-98DE-21AACEA47F38} = {7B9D1224-BD22-4FC7-9596-BD4240CF1F55}
		{48F46716-5128-41E5-93D1-D00D1F734194} = {7B9D1224-BD22-4FC7-9596-BD4240CF1F55}
		{E1BBD527-D682-4108-ABFC-DE136288D207} = {AC76AAFF-A938-4484-A5B4-4C2AA873D55A}
		{7CF27AB5-196B-434E-9CF8-361FB2BCBB8D} = {AC76AAFF-A938-4484-A5B4-4C2AA873D55A}
		{6E55E337-E420-4F9B-AD9F-7AF29515C642} = {AC76AAFF-A938-4484-A5B4-4C2AA873D55A}
		{1FEA79EE-0EE2-480F-9FD0-1E08934127D9} = {AC76AAFF-A938-4484-A5B4-4C2AA873D55A}
		{DA1A769D-64B8-46A7-82A5-4825629744CD} = {AC76AAFF-A938-4484-A5B4-4C2AA873D55A}
		{491572D5-32BB-48B6-9D34-3040FC4F4199} = {AC76AAFF-A938-4484-A5B4-4C2AA873D55A}
	EndGlobalSection
	GlobalSection(ExtensibilityGlobals) = postSolution
		SolutionGuid = {4C0A56E0-E476-4099-A4A2-E070EA5BF131}
	EndGlobalSection
EndGlobal
