
Microsoft Visual Studio Solution File, Format Version 12.00
# Visual Studio Version 17
VisualStudioVersion = 17.1.32228.430
MinimumVisualStudioVersion = 10.0.40219.1
Project("{9A19103F-16F7-4668-BE54-9A1E7A4F7556}") = "Задача 2", "Задача 2.csproj", "{55FBC363-5D78-4E4A-A33B-4DDF59CABB6E}"
EndProject
Project("{9A19103F-16F7-4668-BE54-9A1E7A4F7556}") = "Задача 5", "..\Задача 4\Задача 5.csproj", "{78940A86-FA21-4EFB-B316-667C0CE51197}"
EndProject
Project("{FAE04EC0-301F-11D3-BF4B-00C04F79EFBC}") = "Задача 6", "..\Задача 6 - 3 Април\Задача 6.csproj", "{FA199B6A-A9C9-4679-8CDC-486534F47503}"
EndProject
Project("{2150E333-8FDC-42A3-9474-1A3956D46DE8}") = "Лекция 6", "Лекция 6", "{EB564ABA-6989-44B5-9C04-933290FAD36B}"
EndProject
Project("{9A19103F-16F7-4668-BE54-9A1E7A4F7556}") = "Лекция 5 26-27 Март", "..\Лекция 5 26-27 Март\Лекция 5 26-27 Март.csproj", "{A411AF6F-CDBD-4422-895A-329EB8C08755}"
EndProject
Project("{2150E333-8FDC-42A3-9474-1A3956D46DE8}") = "Лекция 5", "Лекция 5", "{6E7B80FB-8C5C-4F92-9942-07680201913A}"
EndProject
Project("{2150E333-8FDC-42A3-9474-1A3956D46DE8}") = "Лекция 4", "Лекция 4", "{CE183EF1-577F-477A-B351-4D7365B5CD23}"
EndProject
Project("{9A19103F-16F7-4668-BE54-9A1E7A4F7556}") = "Лекция 4 - 19-20 Март", "..\Лекция 4 - 19-20 Март\Лекция 4 - 19-20 Март.csproj", "{7C274A41-E04C-4E51-8AE7-758977D094C8}"
EndProject
Project("{2150E333-8FDC-42A3-9474-1A3956D46DE8}") = "Лекция 3", "Лекция 3", "{C9C3CA14-98F8-4444-931B-799FF09AF92C}"
EndProject
Project("{9A19103F-16F7-4668-BE54-9A1E7A4F7556}") = "Лекция 3 - 12-13 Март", "..\Лекция 3 - 12-13 Март\Лекция 3 - 12-13 Март\Лекция 3 - 12-13 Март.csproj", "{5F861BA8-5DFC-4607-ADEB-3E087C44B5B5}"
EndProject
Project("{2150E333-8FDC-42A3-9474-1A3956D46DE8}") = "Лекция 2", "Лекция 2", "{247A68E3-910D-4B10-B345-1D7B6B74016D}"
EndProject
Project("{9A19103F-16F7-4668-BE54-9A1E7A4F7556}") = "Лекция 5-6 Март", "..\Лекция 2 - 5-6 Март\Лекция 5-6 Март\Лекция 5-6 Март.csproj", "{77CCFEB6-66A8-4A7E-B65D-E9ABEEFB4570}"
EndProject
Project("{2150E333-8FDC-42A3-9474-1A3956D46DE8}") = "Лекция 1", "Лекция 1", "{00B80957-4143-484F-BB7A-EA79B851E42F}"
EndProject
Project("{9A19103F-16F7-4668-BE54-9A1E7A4F7556}") = "Лекция 1 - 26.02.2022", "..\Лекция 1 - 26-27 Фев\Лекция 1 - 26.02.2022\Лекция 1 - 26.02.2022.csproj", "{EFDE91E1-7209-42F5-9301-85504B174DEE}"
EndProject
Project("{9A19103F-16F7-4668-BE54-9A1E7A4F7556}") = "Задача 6", "..\Задача 6\Задача 6.csproj", "{FFA3B88C-6EC8-49E9-9E46-EB5533B0A2F7}"
EndProject
Project("{FAE04EC0-301F-11D3-BF4B-00C04F79EFBC}") = "Задача 5 Again", "..\Задача 6 - 2ри Начин\Задача 5 Again.csproj", "{C2E87F3A-8938-413A-BDD8-9CD1F9FD5661}"
EndProject
Global
	GlobalSection(SolutionConfigurationPlatforms) = preSolution
		Debug|Any CPU = Debug|Any CPU
		Release|Any CPU = Release|Any CPU
	EndGlobalSection
	GlobalSection(ProjectConfigurationPlatforms) = postSolution
		{55FBC363-5D78-4E4A-A33B-4DDF59CABB6E}.Debug|Any CPU.ActiveCfg = Debug|Any CPU
		{55FBC363-5D78-4E4A-A33B-4DDF59CABB6E}.Debug|Any CPU.Build.0 = Debug|Any CPU
		{55FBC363-5D78-4E4A-A33B-4DDF59CABB6E}.Release|Any CPU.ActiveCfg = Release|Any CPU
		{55FBC363-5D78-4E4A-A33B-4DDF59CABB6E}.Release|Any CPU.Build.0 = Release|Any CPU
		{78940A86-FA21-4EFB-B316-667C0CE51197}.Debug|Any CPU.ActiveCfg = Debug|Any CPU
		{78940A86-FA21-4EFB-B316-667C0CE51197}.Debug|Any CPU.Build.0 = Debug|Any CPU
		{78940A86-FA21-4EFB-B316-667C0CE51197}.Release|Any CPU.ActiveCfg = Release|Any CPU
		{78940A86-FA21-4EFB-B316-667C0CE51197}.Release|Any CPU.Build.0 = Release|Any CPU
		{FA199B6A-A9C9-4679-8CDC-486534F47503}.Debug|Any CPU.ActiveCfg = Debug|Any CPU
		{FA199B6A-A9C9-4679-8CDC-486534F47503}.Debug|Any CPU.Build.0 = Debug|Any CPU
		{FA199B6A-A9C9-4679-8CDC-486534F47503}.Release|Any CPU.ActiveCfg = Release|Any CPU
		{FA199B6A-A9C9-4679-8CDC-486534F47503}.Release|Any CPU.Build.0 = Release|Any CPU
		{A411AF6F-CDBD-4422-895A-329EB8C08755}.Debug|Any CPU.ActiveCfg = Debug|Any CPU
		{A411AF6F-CDBD-4422-895A-329EB8C08755}.Debug|Any CPU.Build.0 = Debug|Any CPU
		{A411AF6F-CDBD-4422-895A-329EB8C08755}.Release|Any CPU.ActiveCfg = Release|Any CPU
		{A411AF6F-CDBD-4422-895A-329EB8C08755}.Release|Any CPU.Build.0 = Release|Any CPU
		{7C274A41-E04C-4E51-8AE7-758977D094C8}.Debug|Any CPU.ActiveCfg = Debug|Any CPU
		{7C274A41-E04C-4E51-8AE7-758977D094C8}.Debug|Any CPU.Build.0 = Debug|Any CPU
		{7C274A41-E04C-4E51-8AE7-758977D094C8}.Release|Any CPU.ActiveCfg = Release|Any CPU
		{7C274A41-E04C-4E51-8AE7-758977D094C8}.Release|Any CPU.Build.0 = Release|Any CPU
		{5F861BA8-5DFC-4607-ADEB-3E087C44B5B5}.Debug|Any CPU.ActiveCfg = Debug|Any CPU
		{5F861BA8-5DFC-4607-ADEB-3E087C44B5B5}.Debug|Any CPU.Build.0 = Debug|Any CPU
		{5F861BA8-5DFC-4607-ADEB-3E087C44B5B5}.Release|Any CPU.ActiveCfg = Release|Any CPU
		{5F861BA8-5DFC-4607-ADEB-3E087C44B5B5}.Release|Any CPU.Build.0 = Release|Any CPU
		{77CCFEB6-66A8-4A7E-B65D-E9ABEEFB4570}.Debug|Any CPU.ActiveCfg = Debug|Any CPU
		{77CCFEB6-66A8-4A7E-B65D-E9ABEEFB4570}.Debug|Any CPU.Build.0 = Debug|Any CPU
		{77CCFEB6-66A8-4A7E-B65D-E9ABEEFB4570}.Release|Any CPU.ActiveCfg = Release|Any CPU
		{77CCFEB6-66A8-4A7E-B65D-E9ABEEFB4570}.Release|Any CPU.Build.0 = Release|Any CPU
		{EFDE91E1-7209-42F5-9301-85504B174DEE}.Debug|Any CPU.ActiveCfg = Debug|Any CPU
		{EFDE91E1-7209-42F5-9301-85504B174DEE}.Debug|Any CPU.Build.0 = Debug|Any CPU
		{EFDE91E1-7209-42F5-9301-85504B174DEE}.Release|Any CPU.ActiveCfg = Release|Any CPU
		{EFDE91E1-7209-42F5-9301-85504B174DEE}.Release|Any CPU.Build.0 = Release|Any CPU
		{FFA3B88C-6EC8-49E9-9E46-EB5533B0A2F7}.Debug|Any CPU.ActiveCfg = Debug|Any CPU
		{FFA3B88C-6EC8-49E9-9E46-EB5533B0A2F7}.Debug|Any CPU.Build.0 = Debug|Any CPU
		{FFA3B88C-6EC8-49E9-9E46-EB5533B0A2F7}.Release|Any CPU.ActiveCfg = Release|Any CPU
		{FFA3B88C-6EC8-49E9-9E46-EB5533B0A2F7}.Release|Any CPU.Build.0 = Release|Any CPU
		{C2E87F3A-8938-413A-BDD8-9CD1F9FD5661}.Debug|Any CPU.ActiveCfg = Debug|Any CPU
		{C2E87F3A-8938-413A-BDD8-9CD1F9FD5661}.Debug|Any CPU.Build.0 = Debug|Any CPU
		{C2E87F3A-8938-413A-BDD8-9CD1F9FD5661}.Release|Any CPU.ActiveCfg = Release|Any CPU
		{C2E87F3A-8938-413A-BDD8-9CD1F9FD5661}.Release|Any CPU.Build.0 = Release|Any CPU
	EndGlobalSection
	GlobalSection(SolutionProperties) = preSolution
		HideSolutionNode = FALSE
	EndGlobalSection
	GlobalSection(NestedProjects) = preSolution
		{55FBC363-5D78-4E4A-A33B-4DDF59CABB6E} = {EB564ABA-6989-44B5-9C04-933290FAD36B}
		{78940A86-FA21-4EFB-B316-667C0CE51197} = {EB564ABA-6989-44B5-9C04-933290FAD36B}
		{FA199B6A-A9C9-4679-8CDC-486534F47503} = {EB564ABA-6989-44B5-9C04-933290FAD36B}
		{A411AF6F-CDBD-4422-895A-329EB8C08755} = {6E7B80FB-8C5C-4F92-9942-07680201913A}
		{7C274A41-E04C-4E51-8AE7-758977D094C8} = {CE183EF1-577F-477A-B351-4D7365B5CD23}
		{5F861BA8-5DFC-4607-ADEB-3E087C44B5B5} = {C9C3CA14-98F8-4444-931B-799FF09AF92C}
		{77CCFEB6-66A8-4A7E-B65D-E9ABEEFB4570} = {247A68E3-910D-4B10-B345-1D7B6B74016D}
		{EFDE91E1-7209-42F5-9301-85504B174DEE} = {00B80957-4143-484F-BB7A-EA79B851E42F}
		{FFA3B88C-6EC8-49E9-9E46-EB5533B0A2F7} = {6E7B80FB-8C5C-4F92-9942-07680201913A}
		{C2E87F3A-8938-413A-BDD8-9CD1F9FD5661} = {EB564ABA-6989-44B5-9C04-933290FAD36B}
	EndGlobalSection
	GlobalSection(ExtensibilityGlobals) = postSolution
		SolutionGuid = {6C7693F9-51D7-4B82-B333-5CA0583C5EF8}
	EndGlobalSection
EndGlobal
