
Microsoft Visual Studio Solution File, Format Version 12.00
# Visual Studio Version 16
VisualStudioVersion = 16.0.31829.152
MinimumVisualStudioVersion = 10.0.40219.1
Project("{FAE04EC0-301F-11D3-BF4B-00C04F79EFBC}") = "Лекция 3 - 12-13 Март", "Лекция 3 - 12-13 Март\Лекция 3 - 12-13 Март.csproj", "{A0707813-DFDF-46D9-9438-CFD392347899}"
EndProject
Global
	GlobalSection(SolutionConfigurationPlatforms) = preSolution
		Debug|Any CPU = Debug|Any CPU
		Release|Any CPU = Release|Any CPU
	EndGlobalSection
	GlobalSection(ProjectConfigurationPlatforms) = postSolution
		{A0707813-DFDF-46D9-9438-CFD392347899}.Debug|Any CPU.ActiveCfg = Debug|Any CPU
		{A0707813-DFDF-46D9-9438-CFD392347899}.Debug|Any CPU.Build.0 = Debug|Any CPU
		{A0707813-DFDF-46D9-9438-CFD392347899}.Release|Any CPU.ActiveCfg = Release|Any CPU
		{A0707813-DFDF-46D9-9438-CFD392347899}.Release|Any CPU.Build.0 = Release|Any CPU
	EndGlobalSection
	GlobalSection(SolutionProperties) = preSolution
		HideSolutionNode = FALSE
	EndGlobalSection
	GlobalSection(ExtensibilityGlobals) = postSolution
		SolutionGuid = {51F27873-69DC-48B7-8264-6FFF0DBC9099}
	EndGlobalSection
EndGlobal
